
Microsoft Visual Studio Solution File, Format Version 12.00
# Visual Studio Version 17
VisualStudioVersion = 17.10.34928.147
MinimumVisualStudioVersion = 10.0.40219.1
Project("{9A19103F-16F7-4668-BE54-9A1E7A4F7556}") = "Web", "Web\Web.csproj", "{64193AD0-2F04-4766-A4E3-7D5D08CE323D}"
EndProject
Project("{9A19103F-16F7-4668-BE54-9A1E7A4F7556}") = "Application", "Application\Application.csproj", "{6739662D-8BE6-4D56-ABA0-E30455F00AA4}"
EndProject
Project("{9A19103F-16F7-4668-BE54-9A1E7A4F7556}") = "Domain", "Domain\Domain.csproj", "{1221BEE2-8281-4520-A8E6-856AF8EFE4DC}"
EndProject
Project("{9A19103F-16F7-4668-BE54-9A1E7A4F7556}") = "Infrastructure", "Infrastructure\Infrastructure.csproj", "{E4A04E05-C1DD-4A08-B5C9-714072AF79BC}"
EndProject
Project("{2150E333-8FDC-42A3-9474-1A3956D46DE8}") = "Solution Items", "Solution Items", "{B3D0A368-66A4-4FAB-9619-B572E8C6DEED}"
	ProjectSection(SolutionItems) = preProject
		.gitattributes = .gitattributes
		.gitignore = .gitignore
		Directory.Build.props = Directory.Build.props
		Directory.Packages.props = Directory.Packages.props
		README.md = README.md
	EndProjectSection
EndProject
Project("{2150E333-8FDC-42A3-9474-1A3956D46DE8}") = "src", "src", "{570DEA48-05E3-4803-BBE5-BDDB5B79F48D}"
EndProject
Global
	GlobalSection(SolutionConfigurationPlatforms) = preSolution
		Debug|Any CPU = Debug|Any CPU
		Release|Any CPU = Release|Any CPU
	EndGlobalSection
	GlobalSection(ProjectConfigurationPlatforms) = postSolution
		{64193AD0-2F04-4766-A4E3-7D5D08CE323D}.Debug|Any CPU.ActiveCfg = Debug|Any CPU
		{64193AD0-2F04-4766-A4E3-7D5D08CE323D}.Debug|Any CPU.Build.0 = Debug|Any CPU
		{64193AD0-2F04-4766-A4E3-7D5D08CE323D}.Release|Any CPU.ActiveCfg = Release|Any CPU
		{64193AD0-2F04-4766-A4E3-7D5D08CE323D}.Release|Any CPU.Build.0 = Release|Any CPU
		{6739662D-8BE6-4D56-ABA0-E30455F00AA4}.Debug|Any CPU.ActiveCfg = Debug|Any CPU
		{6739662D-8BE6-4D56-ABA0-E30455F00AA4}.Debug|Any CPU.Build.0 = Debug|Any CPU
		{6739662D-8BE6-4D56-ABA0-E30455F00AA4}.Release|Any CPU.ActiveCfg = Release|Any CPU
		{6739662D-8BE6-4D56-ABA0-E30455F00AA4}.Release|Any CPU.Build.0 = Release|Any CPU
		{1221BEE2-8281-4520-A8E6-856AF8EFE4DC}.Debug|Any CPU.ActiveCfg = Debug|Any CPU
		{1221BEE2-8281-4520-A8E6-856AF8EFE4DC}.Debug|Any CPU.Build.0 = Debug|Any CPU
		{1221BEE2-8281-4520-A8E6-856AF8EFE4DC}.Release|Any CPU.ActiveCfg = Release|Any CPU
		{1221BEE2-8281-4520-A8E6-856AF8EFE4DC}.Release|Any CPU.Build.0 = Release|Any CPU
		{E4A04E05-C1DD-4A08-B5C9-714072AF79BC}.Debug|Any CPU.ActiveCfg = Debug|Any CPU
		{E4A04E05-C1DD-4A08-B5C9-714072AF79BC}.Debug|Any CPU.Build.0 = Debug|Any CPU
		{E4A04E05-C1DD-4A08-B5C9-714072AF79BC}.Release|Any CPU.ActiveCfg = Release|Any CPU
		{E4A04E05-C1DD-4A08-B5C9-714072AF79BC}.Release|Any CPU.Build.0 = Release|Any CPU
	EndGlobalSection
	GlobalSection(SolutionProperties) = preSolution
		HideSolutionNode = FALSE
	EndGlobalSection
	GlobalSection(NestedProjects) = preSolution
		{64193AD0-2F04-4766-A4E3-7D5D08CE323D} = {570DEA48-05E3-4803-BBE5-BDDB5B79F48D}
		{6739662D-8BE6-4D56-ABA0-E30455F00AA4} = {570DEA48-05E3-4803-BBE5-BDDB5B79F48D}
		{1221BEE2-8281-4520-A8E6-856AF8EFE4DC} = {570DEA48-05E3-4803-BBE5-BDDB5B79F48D}
		{E4A04E05-C1DD-4A08-B5C9-714072AF79BC} = {570DEA48-05E3-4803-BBE5-BDDB5B79F48D}
	EndGlobalSection
	GlobalSection(ExtensibilityGlobals) = postSolution
		SolutionGuid = {5BF1773A-3827-4352-9B67-A92335ECDDBC}
	EndGlobalSection
EndGlobal
